
Microsoft Visual Studio Solution File, Format Version 12.00
# Visual Studio Version 17
VisualStudioVersion = 17.8.34408.163
MinimumVisualStudioVersion = 10.0.40219.1
Project("{FAE04EC0-301F-11D3-BF4B-00C04F79EFBC}") = "calculadorageometricaadamlista3ex15", "calculadorageometricaadamlista3ex15\calculadorageometricaadamlista3ex15.csproj", "{5B0EBDB6-0C88-4E7B-A2FB-701C4D56865A}"
EndProject
Global
	GlobalSection(SolutionConfigurationPlatforms) = preSolution
		Debug|Any CPU = Debug|Any CPU
		Release|Any CPU = Release|Any CPU
	EndGlobalSection
	GlobalSection(ProjectConfigurationPlatforms) = postSolution
		{5B0EBDB6-0C88-4E7B-A2FB-701C4D56865A}.Debug|Any CPU.ActiveCfg = Debug|Any CPU
		{5B0EBDB6-0C88-4E7B-A2FB-701C4D56865A}.Debug|Any CPU.Build.0 = Debug|Any CPU
		{5B0EBDB6-0C88-4E7B-A2FB-701C4D56865A}.Release|Any CPU.ActiveCfg = Release|Any CPU
		{5B0EBDB6-0C88-4E7B-A2FB-701C4D56865A}.Release|Any CPU.Build.0 = Release|Any CPU
	EndGlobalSection
	GlobalSection(SolutionProperties) = preSolution
		HideSolutionNode = FALSE
	EndGlobalSection
	GlobalSection(ExtensibilityGlobals) = postSolution
		SolutionGuid = {3052DD37-FFCE-4296-82AB-D4E7FBA2EED2}
	EndGlobalSection
EndGlobal
