
Microsoft Visual Studio Solution File, Format Version 12.00
# Visual Studio Version 17
VisualStudioVersion = 17.8.34408.163
MinimumVisualStudioVersion = 10.0.40219.1
Project("{FAE04EC0-301F-11D3-BF4B-00C04F79EFBC}") = "publicacaolivroadamlista3ex4", "publicacaolivroadamlista3ex4\publicacaolivroadamlista3ex4.csproj", "{012C15C7-21CD-4BDA-8C0A-FD386D49DE75}"
EndProject
Global
	GlobalSection(SolutionConfigurationPlatforms) = preSolution
		Debug|Any CPU = Debug|Any CPU
		Release|Any CPU = Release|Any CPU
	EndGlobalSection
	GlobalSection(ProjectConfigurationPlatforms) = postSolution
		{012C15C7-21CD-4BDA-8C0A-FD386D49DE75}.Debug|Any CPU.ActiveCfg = Debug|Any CPU
		{012C15C7-21CD-4BDA-8C0A-FD386D49DE75}.Debug|Any CPU.Build.0 = Debug|Any CPU
		{012C15C7-21CD-4BDA-8C0A-FD386D49DE75}.Release|Any CPU.ActiveCfg = Release|Any CPU
		{012C15C7-21CD-4BDA-8C0A-FD386D49DE75}.Release|Any CPU.Build.0 = Release|Any CPU
	EndGlobalSection
	GlobalSection(SolutionProperties) = preSolution
		HideSolutionNode = FALSE
	EndGlobalSection
	GlobalSection(ExtensibilityGlobals) = postSolution
		SolutionGuid = {34C396AC-25E8-4931-AA6A-91285884FBC4}
	EndGlobalSection
EndGlobal
